
Microsoft Visual Studio Solution File, Format Version 12.00
# Visual Studio Version 17
VisualStudioVersion = 17.8.34330.188
MinimumVisualStudioVersion = 10.0.40219.1
Project("{FAE04EC0-301F-11D3-BF4B-00C04F79EFBC}") = "ServiceTwo", "ServiceTwo\ServiceTwo.csproj", "{D1CC7259-701C-4897-863B-4D0743AE0E00}"
EndProject
Global
	GlobalSection(SolutionConfigurationPlatforms) = preSolution
		Debug|Any CPU = Debug|Any CPU
		Release|Any CPU = Release|Any CPU
	EndGlobalSection
	GlobalSection(ProjectConfigurationPlatforms) = postSolution
		{D1CC7259-701C-4897-863B-4D0743AE0E00}.Debug|Any CPU.ActiveCfg = Debug|Any CPU
		{D1CC7259-701C-4897-863B-4D0743AE0E00}.Debug|Any CPU.Build.0 = Debug|Any CPU
		{D1CC7259-701C-4897-863B-4D0743AE0E00}.Release|Any CPU.ActiveCfg = Release|Any CPU
		{D1CC7259-701C-4897-863B-4D0743AE0E00}.Release|Any CPU.Build.0 = Release|Any CPU
	EndGlobalSection
	GlobalSection(SolutionProperties) = preSolution
		HideSolutionNode = FALSE
	EndGlobalSection
	GlobalSection(ExtensibilityGlobals) = postSolution
		SolutionGuid = {EB9124FB-6D67-493A-B694-0D2BA6962256}
	EndGlobalSection
EndGlobal
