
Microsoft Visual Studio Solution File, Format Version 12.00
# Visual Studio Version 17
VisualStudioVersion = 17.8.34330.188
MinimumVisualStudioVersion = 10.0.40219.1
Project("{FAE04EC0-301F-11D3-BF4B-00C04F79EFBC}") = "BlogsAPI", "BlogsAPI\BlogsAPI.csproj", "{8FF0CD0E-B28B-483E-B49E-45537E79BB4E}"
EndProject
Global
	GlobalSection(SolutionConfigurationPlatforms) = preSolution
		Debug|Any CPU = Debug|Any CPU
		Release|Any CPU = Release|Any CPU
	EndGlobalSection
	GlobalSection(ProjectConfigurationPlatforms) = postSolution
		{8FF0CD0E-B28B-483E-B49E-45537E79BB4E}.Debug|Any CPU.ActiveCfg = Debug|Any CPU
		{8FF0CD0E-B28B-483E-B49E-45537E79BB4E}.Debug|Any CPU.Build.0 = Debug|Any CPU
		{8FF0CD0E-B28B-483E-B49E-45537E79BB4E}.Release|Any CPU.ActiveCfg = Release|Any CPU
		{8FF0CD0E-B28B-483E-B49E-45537E79BB4E}.Release|Any CPU.Build.0 = Release|Any CPU
	EndGlobalSection
	GlobalSection(SolutionProperties) = preSolution
		HideSolutionNode = FALSE
	EndGlobalSection
	GlobalSection(ExtensibilityGlobals) = postSolution
		SolutionGuid = {7A094E48-DE52-4892-A399-AA05BB864382}
	EndGlobalSection
EndGlobal
